// !$*UTF8*$!
{
	archiveVersion = 1;
	classes = {
	};
	objectVersion = 48;
	objects = {

/* Begin PBXBuildFile section */
		5EA0FEAC1F87677E005E882C /* ZQInspectionListController.m in Sources */ = {isa = PBXBuildFile; fileRef = 5EA0FEAB1F87677E005E882C /* ZQInspectionListController.m */; };
		5EA0FEAF1F876FE1005E882C /* ZQInspectionCell.m in Sources */ = {isa = PBXBuildFile; fileRef = 5EA0FEAE1F876FE1005E882C /* ZQInspectionCell.m */; };
		5EA0FEB21F8A0AB5005E882C /* ZQHtmlViewController.m in Sources */ = {isa = PBXBuildFile; fileRef = 5EA0FEB11F8A0AB5005E882C /* ZQHtmlViewController.m */; };
		5EA0FEB61F8A1BFA005E882C /* ZQAlerInputView.m in Sources */ = {isa = PBXBuildFile; fileRef = 5EA0FEB51F8A1BFA005E882C /* ZQAlerInputView.m */; };
		5EA0FEBD1F8A304A005E882C /* ZQAreaView.m in Sources */ = {isa = PBXBuildFile; fileRef = 5EA0FEBC1F8A304A005E882C /* ZQAreaView.m */; };
		5EA0FEC41F8A33CC005E882C /* ZQAreaModel.m in Sources */ = {isa = PBXBuildFile; fileRef = 5EA0FEC31F8A33CC005E882C /* ZQAreaModel.m */; };
		5EA0FEC81F8A3A74005E882C /* ZQLoadingView.m in Sources */ = {isa = PBXBuildFile; fileRef = 5EA0FEC71F8A3A74005E882C /* ZQLoadingView.m */; };
		5EA0FEC91F8A3FBB005E882C /* YPAddress.plist in Resources */ = {isa = PBXBuildFile; fileRef = 5EA0FEBA1F8A2FD7005E882C /* YPAddress.plist */; };
		5EA0FECD1F8A611F005E882C /* ZQPersonModel.m in Sources */ = {isa = PBXBuildFile; fileRef = 5EA0FECC1F8A611F005E882C /* ZQPersonModel.m */; };
		5EA0FED71F8A67FE005E882C /* YSPersonalHeadCell.m in Sources */ = {isa = PBXBuildFile; fileRef = 5EA0FECF1F8A6220005E882C /* YSPersonalHeadCell.m */; };
		5EA0FEDA1F8A6905005E882C /* UdStorage.m in Sources */ = {isa = PBXBuildFile; fileRef = 5EA0FED91F8A6905005E882C /* UdStorage.m */; };
		5EA0FEDB1F8A6979005E882C /* YPersonDetailHeadView.m in Sources */ = {isa = PBXBuildFile; fileRef = 5EA0FED21F8A625B005E882C /* YPersonDetailHeadView.m */; };
		5EA0FEDC1F8A6986005E882C /* YPersonActionCell.m in Sources */ = {isa = PBXBuildFile; fileRef = 5EA0FED51F8A6298005E882C /* YPersonActionCell.m */; };
		5EA0FEDD1F8A6995005E882C /* YPersonOrderCell.m in Sources */ = {isa = PBXBuildFile; fileRef = 5EA0FED41F8A627A005E882C /* YPersonOrderCell.m */; };
		5EA0FEE21F8B0ABC005E882C /* ZQInsuranceView.m in Sources */ = {isa = PBXBuildFile; fileRef = 5EA0FEE11F8B0ABC005E882C /* ZQInsuranceView.m */; };
		5EA0FEE51F8B2258005E882C /* ZQSuccessAlerView.m in Sources */ = {isa = PBXBuildFile; fileRef = 5EA0FEE41F8B2258005E882C /* ZQSuccessAlerView.m */; };
		5EA0FEE91F8B2761005E882C /* ZQMaintainViewController.m in Sources */ = {isa = PBXBuildFile; fileRef = 5EA0FEE81F8B2761005E882C /* ZQMaintainViewController.m */; };
		5EA0FEEC1F8B395B005E882C /* ZQOnlineAlertView.m in Sources */ = {isa = PBXBuildFile; fileRef = 5EA0FEEB1F8B395B005E882C /* ZQOnlineAlertView.m */; };
		5EA0FEF01F8B3E83005E882C /* ZQMyBookingViewController.m in Sources */ = {isa = PBXBuildFile; fileRef = 5EA0FEEF1F8B3E83005E882C /* ZQMyBookingViewController.m */; };
		5EA0FEF41F8B3EB9005E882C /* ZQMyBooingCell.m in Sources */ = {isa = PBXBuildFile; fileRef = 5EA0FEF31F8B3EB9005E882C /* ZQMyBooingCell.m */; };
		DDD0C5A440E25D5F0457A6C6 /* libPods-CarCheck.a in Frameworks */ = {isa = PBXBuildFile; fileRef = 558AC1D618D338A7CDA08192 /* libPods-CarCheck.a */; };
		F04ACD961F79E20B00F4C50D /* AppDelegate.m in Sources */ = {isa = PBXBuildFile; fileRef = F04ACD951F79E20B00F4C50D /* AppDelegate.m */; };
		F04ACD991F79E20B00F4C50D /* ViewController.m in Sources */ = {isa = PBXBuildFile; fileRef = F04ACD981F79E20B00F4C50D /* ViewController.m */; };
		F04ACD9E1F79E20B00F4C50D /* Assets.xcassets in Resources */ = {isa = PBXBuildFile; fileRef = F04ACD9D1F79E20B00F4C50D /* Assets.xcassets */; };
		F04ACDA41F79E20B00F4C50D /* main.m in Sources */ = {isa = PBXBuildFile; fileRef = F04ACDA31F79E20B00F4C50D /* main.m */; };
		F04ACDC11F7A391100F4C50D /* BaseTabBarViewController.m in Sources */ = {isa = PBXBuildFile; fileRef = F04ACDC01F7A391100F4C50D /* BaseTabBarViewController.m */; };
		F04ACDC41F7A3C3F00F4C50D /* ZQMyViewController.m in Sources */ = {isa = PBXBuildFile; fileRef = F04ACDC31F7A3C3F00F4C50D /* ZQMyViewController.m */; };
		F04ACDC71F7A3C7900F4C50D /* ZQCarServerViewController.m in Sources */ = {isa = PBXBuildFile; fileRef = F04ACDC61F7A3C7900F4C50D /* ZQCarServerViewController.m */; };
		F04ACDCA1F7A3C9700F4C50D /* ZQCarProcessViewController.m in Sources */ = {isa = PBXBuildFile; fileRef = F04ACDC91F7A3C9700F4C50D /* ZQCarProcessViewController.m */; };
		F04ACDCD1F7A3D2300F4C50D /* BaseNavigationController.m in Sources */ = {isa = PBXBuildFile; fileRef = F04ACDBD1F7A385500F4C50D /* BaseNavigationController.m */; };
		F04ACDCE1F7A3D2A00F4C50D /* BaseViewController.m in Sources */ = {isa = PBXBuildFile; fileRef = F04ACDBB1F7A385500F4C50D /* BaseViewController.m */; };
		F04ACDCF1F7A3D3000F4C50D /* Utility.m in Sources */ = {isa = PBXBuildFile; fileRef = F04ACDB21F7A347F00F4C50D /* Utility.m */; };
		F04ACDD81F7A44A000F4C50D /* JKHttpClientTool.m in Sources */ = {isa = PBXBuildFile; fileRef = F04ACDD31F7A435900F4C50D /* JKHttpClientTool.m */; };
		F04ACDD91F7A44A400F4C50D /* JKHttpRequestService.m in Sources */ = {isa = PBXBuildFile; fileRef = F04ACDD41F7A435900F4C50D /* JKHttpRequestService.m */; };
		F04ACDDA1F7A44A900F4C50D /* JKNetManager.m in Sources */ = {isa = PBXBuildFile; fileRef = F04ACDD51F7A435900F4C50D /* JKNetManager.m */; };
		F04ACDDD1F7A470F00F4C50D /* YtabBarButton.m in Sources */ = {isa = PBXBuildFile; fileRef = F04ACDDC1F7A470E00F4C50D /* YtabBarButton.m */; };
		F04ACDDF1F7A506700F4C50D /* Launch Screen.storyboard in Resources */ = {isa = PBXBuildFile; fileRef = F04ACDDE1F7A506700F4C50D /* Launch Screen.storyboard */; };
		F061A5011F7B49B80039C9EC /* ZQProcessCell.m in Sources */ = {isa = PBXBuildFile; fileRef = F061A5001F7B49B80039C9EC /* ZQProcessCell.m */; };
		F07F1DA41F7A695F00468EC2 /* ZQHeaderViewScoll.m in Sources */ = {isa = PBXBuildFile; fileRef = F07F1DA11F7A694500468EC2 /* ZQHeaderViewScoll.m */; };
		F07F1DA51F7A696600468EC2 /* ZQScrollPageView.m in Sources */ = {isa = PBXBuildFile; fileRef = F07F1DA31F7A694500468EC2 /* ZQScrollPageView.m */; };
		F07F1DA81F7A69A600468EC2 /* ZQServerViewCell.m in Sources */ = {isa = PBXBuildFile; fileRef = F07F1DA71F7A69A600468EC2 /* ZQServerViewCell.m */; };
		F07F1DAB1F7A72DF00468EC2 /* ZQAppointmentHeaderView.m in Sources */ = {isa = PBXBuildFile; fileRef = F07F1DAA1F7A72DF00468EC2 /* ZQAppointmentHeaderView.m */; };
		F0C5ECB71F7B6024005F782D /* ZQProcessRightCell.m in Sources */ = {isa = PBXBuildFile; fileRef = F0C5ECB61F7B6024005F782D /* ZQProcessRightCell.m */; };
		F0F47F731F8B11FC00DF54AC /* YshareChooseView.m in Sources */ = {isa = PBXBuildFile; fileRef = F0F47F711F8B11FC00DF54AC /* YshareChooseView.m */; };
		F0F548191F8488D400E76ACF /* ZQViolationViewController.m in Sources */ = {isa = PBXBuildFile; fileRef = F0F548171F8488D400E76ACF /* ZQViolationViewController.m */; };
		F0F5481A1F8488D400E76ACF /* ZQViolationViewController.xib in Resources */ = {isa = PBXBuildFile; fileRef = F0F548181F8488D400E76ACF /* ZQViolationViewController.xib */; };
		F0F5481E1F8497A800E76ACF /* ZQPayVioViewController.m in Sources */ = {isa = PBXBuildFile; fileRef = F0F5481C1F8497A800E76ACF /* ZQPayVioViewController.m */; };
		F0F5481F1F8497A800E76ACF /* ZQPayVioViewController.xib in Resources */ = {isa = PBXBuildFile; fileRef = F0F5481D1F8497A800E76ACF /* ZQPayVioViewController.xib */; };
		F0F548231F87278400E76ACF /* ZQTViewController.m in Sources */ = {isa = PBXBuildFile; fileRef = F0F548221F87278400E76ACF /* ZQTViewController.m */; };
		F0F548291F8727D200E76ACF /* ZQzqViewController.m in Sources */ = {isa = PBXBuildFile; fileRef = F0F548281F8727D200E76ACF /* ZQzqViewController.m */; };
		F0F5482D1F8730E700E76ACF /* ZQLoginViewController.m in Sources */ = {isa = PBXBuildFile; fileRef = F0F5482C1F8730E700E76ACF /* ZQLoginViewController.m */; };
		F0F548311F87314F00E76ACF /* ZQSubTimeViewController.m in Sources */ = {isa = PBXBuildFile; fileRef = F0F5482F1F87314F00E76ACF /* ZQSubTimeViewController.m */; };
		F0F548381F8735E800E76ACF /* ZQCollectionViewCell.m in Sources */ = {isa = PBXBuildFile; fileRef = F0F548361F8735E800E76ACF /* ZQCollectionViewCell.m */; };
		F0F548391F8735E800E76ACF /* ZQCollectionViewCell.xib in Resources */ = {isa = PBXBuildFile; fileRef = F0F548371F8735E800E76ACF /* ZQCollectionViewCell.xib */; };
		F0F5483D1F87445E00E76ACF /* ZQTimeCollectionViewCell.m in Sources */ = {isa = PBXBuildFile; fileRef = F0F5483B1F87445E00E76ACF /* ZQTimeCollectionViewCell.m */; };
		F0F5483E1F87445E00E76ACF /* ZQTimeCollectionViewCell.xib in Resources */ = {isa = PBXBuildFile; fileRef = F0F5483C1F87445E00E76ACF /* ZQTimeCollectionViewCell.xib */; };
		F0F548401F8749B500E76ACF /* ZQSubTimeViewController.xib in Resources */ = {isa = PBXBuildFile; fileRef = F0F5483F1F8749B500E76ACF /* ZQSubTimeViewController.xib */; };
		F0F548441F87515C00E76ACF /* ZQOnlineSubViewController.m in Sources */ = {isa = PBXBuildFile; fileRef = F0F548421F87515C00E76ACF /* ZQOnlineSubViewController.m */; };
		F0F548451F87515C00E76ACF /* ZQOnlineSubViewController.xib in Resources */ = {isa = PBXBuildFile; fileRef = F0F548431F87515C00E76ACF /* ZQOnlineSubViewController.xib */; };
/* End PBXBuildFile section */

/* Begin PBXFileReference section */
		558AC1D618D338A7CDA08192 /* libPods-CarCheck.a */ = {isa = PBXFileReference; explicitFileType = archive.ar; includeInIndex = 0; path = "libPods-CarCheck.a"; sourceTree = BUILT_PRODUCTS_DIR; };
		5EA0FEAA1F87677E005E882C /* ZQInspectionListController.h */ = {isa = PBXFileReference; lastKnownFileType = sourcecode.c.h; path = ZQInspectionListController.h; sourceTree = "<group>"; };
		5EA0FEAB1F87677E005E882C /* ZQInspectionListController.m */ = {isa = PBXFileReference; lastKnownFileType = sourcecode.c.objc; path = ZQInspectionListController.m; sourceTree = "<group>"; };
		5EA0FEAD1F876FE1005E882C /* ZQInspectionCell.h */ = {isa = PBXFileReference; lastKnownFileType = sourcecode.c.h; path = ZQInspectionCell.h; sourceTree = "<group>"; };
		5EA0FEAE1F876FE1005E882C /* ZQInspectionCell.m */ = {isa = PBXFileReference; lastKnownFileType = sourcecode.c.objc; path = ZQInspectionCell.m; sourceTree = "<group>"; };
		5EA0FEB01F8A0AB5005E882C /* ZQHtmlViewController.h */ = {isa = PBXFileReference; lastKnownFileType = sourcecode.c.h; path = ZQHtmlViewController.h; sourceTree = "<group>"; };
		5EA0FEB11F8A0AB5005E882C /* ZQHtmlViewController.m */ = {isa = PBXFileReference; lastKnownFileType = sourcecode.c.objc; path = ZQHtmlViewController.m; sourceTree = "<group>"; };
		5EA0FEB41F8A1BFA005E882C /* ZQAlerInputView.h */ = {isa = PBXFileReference; lastKnownFileType = sourcecode.c.h; path = ZQAlerInputView.h; sourceTree = "<group>"; };
		5EA0FEB51F8A1BFA005E882C /* ZQAlerInputView.m */ = {isa = PBXFileReference; lastKnownFileType = sourcecode.c.objc; path = ZQAlerInputView.m; sourceTree = "<group>"; };
		5EA0FEBA1F8A2FD7005E882C /* YPAddress.plist */ = {isa = PBXFileReference; lastKnownFileType = text.plist.xml; path = YPAddress.plist; sourceTree = "<group>"; };
		5EA0FEBB1F8A304A005E882C /* ZQAreaView.h */ = {isa = PBXFileReference; lastKnownFileType = sourcecode.c.h; path = ZQAreaView.h; sourceTree = "<group>"; };
		5EA0FEBC1F8A304A005E882C /* ZQAreaView.m */ = {isa = PBXFileReference; lastKnownFileType = sourcecode.c.objc; path = ZQAreaView.m; sourceTree = "<group>"; };
		5EA0FEC21F8A33CC005E882C /* ZQAreaModel.h */ = {isa = PBXFileReference; lastKnownFileType = sourcecode.c.h; path = ZQAreaModel.h; sourceTree = "<group>"; };
		5EA0FEC31F8A33CC005E882C /* ZQAreaModel.m */ = {isa = PBXFileReference; lastKnownFileType = sourcecode.c.objc; path = ZQAreaModel.m; sourceTree = "<group>"; };
		5EA0FEC61F8A3A74005E882C /* ZQLoadingView.h */ = {isa = PBXFileReference; lastKnownFileType = sourcecode.c.h; path = ZQLoadingView.h; sourceTree = "<group>"; };
		5EA0FEC71F8A3A74005E882C /* ZQLoadingView.m */ = {isa = PBXFileReference; lastKnownFileType = sourcecode.c.objc; path = ZQLoadingView.m; sourceTree = "<group>"; };
		5EA0FECB1F8A611F005E882C /* ZQPersonModel.h */ = {isa = PBXFileReference; lastKnownFileType = sourcecode.c.h; path = ZQPersonModel.h; sourceTree = "<group>"; };
		5EA0FECC1F8A611F005E882C /* ZQPersonModel.m */ = {isa = PBXFileReference; lastKnownFileType = sourcecode.c.objc; path = ZQPersonModel.m; sourceTree = "<group>"; };
		5EA0FECF1F8A6220005E882C /* YSPersonalHeadCell.m */ = {isa = PBXFileReference; lastKnownFileType = sourcecode.c.objc; path = YSPersonalHeadCell.m; sourceTree = "<group>"; };
		5EA0FED01F8A6221005E882C /* YSPersonalHeadCell.h */ = {isa = PBXFileReference; lastKnownFileType = sourcecode.c.h; path = YSPersonalHeadCell.h; sourceTree = "<group>"; };
		5EA0FED11F8A625B005E882C /* YPersonDetailHeadView.h */ = {isa = PBXFileReference; lastKnownFileType = sourcecode.c.h; path = YPersonDetailHeadView.h; sourceTree = "<group>"; };
		5EA0FED21F8A625B005E882C /* YPersonDetailHeadView.m */ = {isa = PBXFileReference; lastKnownFileType = sourcecode.c.objc; path = YPersonDetailHeadView.m; sourceTree = "<group>"; };
		5EA0FED31F8A627A005E882C /* YPersonOrderCell.h */ = {isa = PBXFileReference; lastKnownFileType = sourcecode.c.h; path = YPersonOrderCell.h; sourceTree = "<group>"; };
		5EA0FED41F8A627A005E882C /* YPersonOrderCell.m */ = {isa = PBXFileReference; lastKnownFileType = sourcecode.c.objc; path = YPersonOrderCell.m; sourceTree = "<group>"; };
		5EA0FED51F8A6298005E882C /* YPersonActionCell.m */ = {isa = PBXFileReference; lastKnownFileType = sourcecode.c.objc; path = YPersonActionCell.m; sourceTree = "<group>"; };
		5EA0FED61F8A6298005E882C /* YPersonActionCell.h */ = {isa = PBXFileReference; lastKnownFileType = sourcecode.c.h; path = YPersonActionCell.h; sourceTree = "<group>"; };
		5EA0FED81F8A6905005E882C /* UdStorage.h */ = {isa = PBXFileReference; lastKnownFileType = sourcecode.c.h; path = UdStorage.h; sourceTree = "<group>"; };
		5EA0FED91F8A6905005E882C /* UdStorage.m */ = {isa = PBXFileReference; lastKnownFileType = sourcecode.c.objc; path = UdStorage.m; sourceTree = "<group>"; };
		5EA0FEE01F8B0ABC005E882C /* ZQInsuranceView.h */ = {isa = PBXFileReference; lastKnownFileType = sourcecode.c.h; path = ZQInsuranceView.h; sourceTree = "<group>"; };
		5EA0FEE11F8B0ABC005E882C /* ZQInsuranceView.m */ = {isa = PBXFileReference; lastKnownFileType = sourcecode.c.objc; path = ZQInsuranceView.m; sourceTree = "<group>"; };
		5EA0FEE31F8B2258005E882C /* ZQSuccessAlerView.h */ = {isa = PBXFileReference; lastKnownFileType = sourcecode.c.h; path = ZQSuccessAlerView.h; sourceTree = "<group>"; };
		5EA0FEE41F8B2258005E882C /* ZQSuccessAlerView.m */ = {isa = PBXFileReference; lastKnownFileType = sourcecode.c.objc; path = ZQSuccessAlerView.m; sourceTree = "<group>"; };
		5EA0FEE71F8B2761005E882C /* ZQMaintainViewController.h */ = {isa = PBXFileReference; lastKnownFileType = sourcecode.c.h; path = ZQMaintainViewController.h; sourceTree = "<group>"; };
		5EA0FEE81F8B2761005E882C /* ZQMaintainViewController.m */ = {isa = PBXFileReference; lastKnownFileType = sourcecode.c.objc; path = ZQMaintainViewController.m; sourceTree = "<group>"; };
		5EA0FEEA1F8B395B005E882C /* ZQOnlineAlertView.h */ = {isa = PBXFileReference; lastKnownFileType = sourcecode.c.h; path = ZQOnlineAlertView.h; sourceTree = "<group>"; };
		5EA0FEEB1F8B395B005E882C /* ZQOnlineAlertView.m */ = {isa = PBXFileReference; lastKnownFileType = sourcecode.c.objc; path = ZQOnlineAlertView.m; sourceTree = "<group>"; };
		5EA0FEEE1F8B3E83005E882C /* ZQMyBookingViewController.h */ = {isa = PBXFileReference; lastKnownFileType = sourcecode.c.h; path = ZQMyBookingViewController.h; sourceTree = "<group>"; };
		5EA0FEEF1F8B3E83005E882C /* ZQMyBookingViewController.m */ = {isa = PBXFileReference; lastKnownFileType = sourcecode.c.objc; path = ZQMyBookingViewController.m; sourceTree = "<group>"; };
		5EA0FEF21F8B3EB9005E882C /* ZQMyBooingCell.h */ = {isa = PBXFileReference; lastKnownFileType = sourcecode.c.h; path = ZQMyBooingCell.h; sourceTree = "<group>"; };
		5EA0FEF31F8B3EB9005E882C /* ZQMyBooingCell.m */ = {isa = PBXFileReference; lastKnownFileType = sourcecode.c.objc; path = ZQMyBooingCell.m; sourceTree = "<group>"; };
		7B189598E8A45B95CB2B308C /* Pods-CarCheck.debug.xcconfig */ = {isa = PBXFileReference; includeInIndex = 1; lastKnownFileType = text.xcconfig; name = "Pods-CarCheck.debug.xcconfig"; path = "Pods/Target Support Files/Pods-CarCheck/Pods-CarCheck.debug.xcconfig"; sourceTree = "<group>"; };
		E1F62C1DA93C2085C8AA7824 /* Pods-CarCheck.release.xcconfig */ = {isa = PBXFileReference; includeInIndex = 1; lastKnownFileType = text.xcconfig; name = "Pods-CarCheck.release.xcconfig"; path = "Pods/Target Support Files/Pods-CarCheck/Pods-CarCheck.release.xcconfig"; sourceTree = "<group>"; };
		F04ACD911F79E20B00F4C50D /* CarCheck.app */ = {isa = PBXFileReference; explicitFileType = wrapper.application; includeInIndex = 0; path = CarCheck.app; sourceTree = BUILT_PRODUCTS_DIR; };
		F04ACD941F79E20B00F4C50D /* AppDelegate.h */ = {isa = PBXFileReference; lastKnownFileType = sourcecode.c.h; path = AppDelegate.h; sourceTree = "<group>"; };
		F04ACD951F79E20B00F4C50D /* AppDelegate.m */ = {isa = PBXFileReference; lastKnownFileType = sourcecode.c.objc; path = AppDelegate.m; sourceTree = "<group>"; };
		F04ACD971F79E20B00F4C50D /* ViewController.h */ = {isa = PBXFileReference; lastKnownFileType = sourcecode.c.h; path = ViewController.h; sourceTree = "<group>"; };
		F04ACD981F79E20B00F4C50D /* ViewController.m */ = {isa = PBXFileReference; lastKnownFileType = sourcecode.c.objc; path = ViewController.m; sourceTree = "<group>"; };
		F04ACD9D1F79E20B00F4C50D /* Assets.xcassets */ = {isa = PBXFileReference; lastKnownFileType = folder.assetcatalog; path = Assets.xcassets; sourceTree = "<group>"; };
		F04ACDA21F79E20B00F4C50D /* Info.plist */ = {isa = PBXFileReference; lastKnownFileType = text.plist.xml; path = Info.plist; sourceTree = "<group>"; };
		F04ACDA31F79E20B00F4C50D /* main.m */ = {isa = PBXFileReference; lastKnownFileType = sourcecode.c.objc; path = main.m; sourceTree = "<group>"; };
		F04ACDB11F7A347F00F4C50D /* Utility.h */ = {isa = PBXFileReference; lastKnownFileType = sourcecode.c.h; path = Utility.h; sourceTree = "<group>"; };
		F04ACDB21F7A347F00F4C50D /* Utility.m */ = {isa = PBXFileReference; lastKnownFileType = sourcecode.c.objc; path = Utility.m; sourceTree = "<group>"; };
		F04ACDB91F7A351200F4C50D /* RestAPI.h */ = {isa = PBXFileReference; lastKnownFileType = sourcecode.c.h; path = RestAPI.h; sourceTree = "<group>"; };
		F04ACDBB1F7A385500F4C50D /* BaseViewController.m */ = {isa = PBXFileReference; lastKnownFileType = sourcecode.c.objc; path = BaseViewController.m; sourceTree = "<group>"; };
		F04ACDBC1F7A385500F4C50D /* BaseNavigationController.h */ = {isa = PBXFileReference; lastKnownFileType = sourcecode.c.h; path = BaseNavigationController.h; sourceTree = "<group>"; };
		F04ACDBD1F7A385500F4C50D /* BaseNavigationController.m */ = {isa = PBXFileReference; lastKnownFileType = sourcecode.c.objc; path = BaseNavigationController.m; sourceTree = "<group>"; };
		F04ACDBE1F7A385600F4C50D /* BaseViewController.h */ = {isa = PBXFileReference; lastKnownFileType = sourcecode.c.h; path = BaseViewController.h; sourceTree = "<group>"; };
		F04ACDBF1F7A391100F4C50D /* BaseTabBarViewController.h */ = {isa = PBXFileReference; lastKnownFileType = sourcecode.c.h; path = BaseTabBarViewController.h; sourceTree = "<group>"; };
		F04ACDC01F7A391100F4C50D /* BaseTabBarViewController.m */ = {isa = PBXFileReference; lastKnownFileType = sourcecode.c.objc; path = BaseTabBarViewController.m; sourceTree = "<group>"; };
		F04ACDC21F7A3C3F00F4C50D /* ZQMyViewController.h */ = {isa = PBXFileReference; lastKnownFileType = sourcecode.c.h; path = ZQMyViewController.h; sourceTree = "<group>"; };
		F04ACDC31F7A3C3F00F4C50D /* ZQMyViewController.m */ = {isa = PBXFileReference; lastKnownFileType = sourcecode.c.objc; path = ZQMyViewController.m; sourceTree = "<group>"; };
		F04ACDC51F7A3C7900F4C50D /* ZQCarServerViewController.h */ = {isa = PBXFileReference; lastKnownFileType = sourcecode.c.h; path = ZQCarServerViewController.h; sourceTree = "<group>"; };
		F04ACDC61F7A3C7900F4C50D /* ZQCarServerViewController.m */ = {isa = PBXFileReference; lastKnownFileType = sourcecode.c.objc; path = ZQCarServerViewController.m; sourceTree = "<group>"; };
		F04ACDC81F7A3C9700F4C50D /* ZQCarProcessViewController.h */ = {isa = PBXFileReference; lastKnownFileType = sourcecode.c.h; path = ZQCarProcessViewController.h; sourceTree = "<group>"; };
		F04ACDC91F7A3C9700F4C50D /* ZQCarProcessViewController.m */ = {isa = PBXFileReference; lastKnownFileType = sourcecode.c.objc; path = ZQCarProcessViewController.m; sourceTree = "<group>"; };
		F04ACDD01F7A3E2A00F4C50D /* Custom.h */ = {isa = PBXFileReference; lastKnownFileType = sourcecode.c.h; path = Custom.h; sourceTree = "<group>"; };
		F04ACDD11F7A3E8300F4C50D /* PrefixHeader.pch */ = {isa = PBXFileReference; lastKnownFileType = sourcecode.c.h; path = PrefixHeader.pch; sourceTree = "<group>"; };
		F04ACDD21F7A435900F4C50D /* JKHttpRequestService.h */ = {isa = PBXFileReference; lastKnownFileType = sourcecode.c.h; path = JKHttpRequestService.h; sourceTree = "<group>"; };
		F04ACDD31F7A435900F4C50D /* JKHttpClientTool.m */ = {isa = PBXFileReference; lastKnownFileType = sourcecode.c.objc; path = JKHttpClientTool.m; sourceTree = "<group>"; };
		F04ACDD41F7A435900F4C50D /* JKHttpRequestService.m */ = {isa = PBXFileReference; lastKnownFileType = sourcecode.c.objc; path = JKHttpRequestService.m; sourceTree = "<group>"; };
		F04ACDD51F7A435900F4C50D /* JKNetManager.m */ = {isa = PBXFileReference; lastKnownFileType = sourcecode.c.objc; path = JKNetManager.m; sourceTree = "<group>"; };
		F04ACDD61F7A435A00F4C50D /* JKNetManager.h */ = {isa = PBXFileReference; lastKnownFileType = sourcecode.c.h; path = JKNetManager.h; sourceTree = "<group>"; };
		F04ACDD71F7A435A00F4C50D /* JKHttpClientTool.h */ = {isa = PBXFileReference; lastKnownFileType = sourcecode.c.h; path = JKHttpClientTool.h; sourceTree = "<group>"; };
		F04ACDDB1F7A470E00F4C50D /* YtabBarButton.h */ = {isa = PBXFileReference; lastKnownFileType = sourcecode.c.h; path = YtabBarButton.h; sourceTree = "<group>"; };
		F04ACDDC1F7A470E00F4C50D /* YtabBarButton.m */ = {isa = PBXFileReference; lastKnownFileType = sourcecode.c.objc; path = YtabBarButton.m; sourceTree = "<group>"; };
		F04ACDDE1F7A506700F4C50D /* Launch Screen.storyboard */ = {isa = PBXFileReference; lastKnownFileType = file.storyboard; path = "Launch Screen.storyboard"; sourceTree = "<group>"; };
		F061A4FF1F7B49B80039C9EC /* ZQProcessCell.h */ = {isa = PBXFileReference; lastKnownFileType = sourcecode.c.h; path = ZQProcessCell.h; sourceTree = "<group>"; };
		F061A5001F7B49B80039C9EC /* ZQProcessCell.m */ = {isa = PBXFileReference; lastKnownFileType = sourcecode.c.objc; path = ZQProcessCell.m; sourceTree = "<group>"; };
		F07F1DA01F7A694500468EC2 /* ZQHeaderViewScoll.h */ = {isa = PBXFileReference; lastKnownFileType = sourcecode.c.h; path = ZQHeaderViewScoll.h; sourceTree = "<group>"; };
		F07F1DA11F7A694500468EC2 /* ZQHeaderViewScoll.m */ = {isa = PBXFileReference; lastKnownFileType = sourcecode.c.objc; path = ZQHeaderViewScoll.m; sourceTree = "<group>"; };
		F07F1DA21F7A694500468EC2 /* ZQScrollPageView.h */ = {isa = PBXFileReference; lastKnownFileType = sourcecode.c.h; path = ZQScrollPageView.h; sourceTree = "<group>"; };
		F07F1DA31F7A694500468EC2 /* ZQScrollPageView.m */ = {isa = PBXFileReference; lastKnownFileType = sourcecode.c.objc; path = ZQScrollPageView.m; sourceTree = "<group>"; };
		F07F1DA61F7A69A600468EC2 /* ZQServerViewCell.h */ = {isa = PBXFileReference; lastKnownFileType = sourcecode.c.h; path = ZQServerViewCell.h; sourceTree = "<group>"; };
		F07F1DA71F7A69A600468EC2 /* ZQServerViewCell.m */ = {isa = PBXFileReference; lastKnownFileType = sourcecode.c.objc; path = ZQServerViewCell.m; sourceTree = "<group>"; };
		F07F1DA91F7A72DF00468EC2 /* ZQAppointmentHeaderView.h */ = {isa = PBXFileReference; lastKnownFileType = sourcecode.c.h; path = ZQAppointmentHeaderView.h; sourceTree = "<group>"; };
		F07F1DAA1F7A72DF00468EC2 /* ZQAppointmentHeaderView.m */ = {isa = PBXFileReference; lastKnownFileType = sourcecode.c.objc; path = ZQAppointmentHeaderView.m; sourceTree = "<group>"; };
		F0C5ECB51F7B6024005F782D /* ZQProcessRightCell.h */ = {isa = PBXFileReference; lastKnownFileType = sourcecode.c.h; path = ZQProcessRightCell.h; sourceTree = "<group>"; };
		F0C5ECB61F7B6024005F782D /* ZQProcessRightCell.m */ = {isa = PBXFileReference; lastKnownFileType = sourcecode.c.objc; path = ZQProcessRightCell.m; sourceTree = "<group>"; };
		F0F47F711F8B11FC00DF54AC /* YshareChooseView.m */ = {isa = PBXFileReference; lastKnownFileType = sourcecode.c.objc; path = YshareChooseView.m; sourceTree = "<group>"; };
		F0F47F721F8B11FC00DF54AC /* YshareChooseView.h */ = {isa = PBXFileReference; lastKnownFileType = sourcecode.c.h; path = YshareChooseView.h; sourceTree = "<group>"; };
		F0F47F751F8B12C200DF54AC /* YFoundPasswordViewController.h */ = {isa = PBXFileReference; lastKnownFileType = sourcecode.c.h; path = YFoundPasswordViewController.h; sourceTree = "<group>"; };
		F0F47F761F8B12C200DF54AC /* YFoundPasswordViewController.m */ = {isa = PBXFileReference; lastKnownFileType = sourcecode.c.objc; path = YFoundPasswordViewController.m; sourceTree = "<group>"; };
		F0F47F781F8B16D900DF54AC /* YResetPassViewController.m */ = {isa = PBXFileReference; lastKnownFileType = sourcecode.c.objc; path = YResetPassViewController.m; sourceTree = "<group>"; };
		F0F47F791F8B16D900DF54AC /* YResetPassViewController.h */ = {isa = PBXFileReference; lastKnownFileType = sourcecode.c.h; path = YResetPassViewController.h; sourceTree = "<group>"; };
		F0F548161F8488D400E76ACF /* ZQViolationViewController.h */ = {isa = PBXFileReference; lastKnownFileType = sourcecode.c.h; path = ZQViolationViewController.h; sourceTree = "<group>"; };
		F0F548171F8488D400E76ACF /* ZQViolationViewController.m */ = {isa = PBXFileReference; lastKnownFileType = sourcecode.c.objc; path = ZQViolationViewController.m; sourceTree = "<group>"; };
		F0F548181F8488D400E76ACF /* ZQViolationViewController.xib */ = {isa = PBXFileReference; lastKnownFileType = file.xib; path = ZQViolationViewController.xib; sourceTree = "<group>"; };
		F0F5481B1F8497A800E76ACF /* ZQPayVioViewController.h */ = {isa = PBXFileReference; lastKnownFileType = sourcecode.c.h; path = ZQPayVioViewController.h; sourceTree = "<group>"; };
		F0F5481C1F8497A800E76ACF /* ZQPayVioViewController.m */ = {isa = PBXFileReference; lastKnownFileType = sourcecode.c.objc; path = ZQPayVioViewController.m; sourceTree = "<group>"; };
		F0F5481D1F8497A800E76ACF /* ZQPayVioViewController.xib */ = {isa = PBXFileReference; lastKnownFileType = file.xib; path = ZQPayVioViewController.xib; sourceTree = "<group>"; };
		F0F548211F87278400E76ACF /* ZQTViewController.h */ = {isa = PBXFileReference; lastKnownFileType = sourcecode.c.h; path = ZQTViewController.h; sourceTree = "<group>"; };
		F0F548221F87278400E76ACF /* ZQTViewController.m */ = {isa = PBXFileReference; lastKnownFileType = sourcecode.c.objc; path = ZQTViewController.m; sourceTree = "<group>"; };
		F0F548271F8727D200E76ACF /* ZQzqViewController.h */ = {isa = PBXFileReference; lastKnownFileType = sourcecode.c.h; path = ZQzqViewController.h; sourceTree = "<group>"; };
		F0F548281F8727D200E76ACF /* ZQzqViewController.m */ = {isa = PBXFileReference; lastKnownFileType = sourcecode.c.objc; path = ZQzqViewController.m; sourceTree = "<group>"; };
		F0F5482B1F8730E700E76ACF /* ZQLoginViewController.h */ = {isa = PBXFileReference; lastKnownFileType = sourcecode.c.h; path = ZQLoginViewController.h; sourceTree = "<group>"; };
		F0F5482C1F8730E700E76ACF /* ZQLoginViewController.m */ = {isa = PBXFileReference; lastKnownFileType = sourcecode.c.objc; path = ZQLoginViewController.m; sourceTree = "<group>"; };
		F0F5482E1F87314F00E76ACF /* ZQSubTimeViewController.h */ = {isa = PBXFileReference; lastKnownFileType = sourcecode.c.h; path = ZQSubTimeViewController.h; sourceTree = "<group>"; };
		F0F5482F1F87314F00E76ACF /* ZQSubTimeViewController.m */ = {isa = PBXFileReference; lastKnownFileType = sourcecode.c.objc; path = ZQSubTimeViewController.m; sourceTree = "<group>"; };
		F0F548351F8735E800E76ACF /* ZQCollectionViewCell.h */ = {isa = PBXFileReference; lastKnownFileType = sourcecode.c.h; path = ZQCollectionViewCell.h; sourceTree = "<group>"; };
		F0F548361F8735E800E76ACF /* ZQCollectionViewCell.m */ = {isa = PBXFileReference; lastKnownFileType = sourcecode.c.objc; path = ZQCollectionViewCell.m; sourceTree = "<group>"; };
		F0F548371F8735E800E76ACF /* ZQCollectionViewCell.xib */ = {isa = PBXFileReference; lastKnownFileType = file.xib; path = ZQCollectionViewCell.xib; sourceTree = "<group>"; };
		F0F5483A1F87445E00E76ACF /* ZQTimeCollectionViewCell.h */ = {isa = PBXFileReference; lastKnownFileType = sourcecode.c.h; path = ZQTimeCollectionViewCell.h; sourceTree = "<group>"; };
		F0F5483B1F87445E00E76ACF /* ZQTimeCollectionViewCell.m */ = {isa = PBXFileReference; lastKnownFileType = sourcecode.c.objc; path = ZQTimeCollectionViewCell.m; sourceTree = "<group>"; };
		F0F5483C1F87445E00E76ACF /* ZQTimeCollectionViewCell.xib */ = {isa = PBXFileReference; lastKnownFileType = file.xib; path = ZQTimeCollectionViewCell.xib; sourceTree = "<group>"; };
		F0F5483F1F8749B500E76ACF /* ZQSubTimeViewController.xib */ = {isa = PBXFileReference; lastKnownFileType = file.xib; path = ZQSubTimeViewController.xib; sourceTree = "<group>"; };
		F0F548411F87515C00E76ACF /* ZQOnlineSubViewController.h */ = {isa = PBXFileReference; lastKnownFileType = sourcecode.c.h; path = ZQOnlineSubViewController.h; sourceTree = "<group>"; };
		F0F548421F87515C00E76ACF /* ZQOnlineSubViewController.m */ = {isa = PBXFileReference; lastKnownFileType = sourcecode.c.objc; path = ZQOnlineSubViewController.m; sourceTree = "<group>"; };
		F0F548431F87515C00E76ACF /* ZQOnlineSubViewController.xib */ = {isa = PBXFileReference; lastKnownFileType = file.xib; path = ZQOnlineSubViewController.xib; sourceTree = "<group>"; };
/* End PBXFileReference section */

/* Begin PBXFrameworksBuildPhase section */
		F04ACD8E1F79E20B00F4C50D /* Frameworks */ = {
			isa = PBXFrameworksBuildPhase;
			buildActionMask = 2147483647;
			files = (
				DDD0C5A440E25D5F0457A6C6 /* libPods-CarCheck.a in Frameworks */,
			);
			runOnlyForDeploymentPostprocessing = 0;
		};
/* End PBXFrameworksBuildPhase section */

/* Begin PBXGroup section */
		09DC0D43BF6B2E1B1791FBA9 /* Frameworks */ = {
			isa = PBXGroup;
			children = (
				558AC1D618D338A7CDA08192 /* libPods-CarCheck.a */,
			);
			name = Frameworks;
			sourceTree = "<group>";
		};
		0A212E89E88AEFFD05F3D771 /* Pods */ = {
			isa = PBXGroup;
			children = (
				7B189598E8A45B95CB2B308C /* Pods-CarCheck.debug.xcconfig */,
				E1F62C1DA93C2085C8AA7824 /* Pods-CarCheck.release.xcconfig */,
			);
			name = Pods;
			sourceTree = "<group>";
		};
		5EA0FEA81F876701005E882C /* InspectionCarAgency(检车机构列表) */ = {
			isa = PBXGroup;
			children = (
				5EA0FEBE1F8A3394005E882C /* Models */,
				5EA0FEA91F876744005E882C /* Views */,
				5EA0FEAA1F87677E005E882C /* ZQInspectionListController.h */,
				5EA0FEAB1F87677E005E882C /* ZQInspectionListController.m */,
			);
			path = "InspectionCarAgency(检车机构列表)";
			sourceTree = "<group>";
		};
		5EA0FEA91F876744005E882C /* Views */ = {
			isa = PBXGroup;
			children = (
				5EA0FEAD1F876FE1005E882C /* ZQInspectionCell.h */,
				5EA0FEAE1F876FE1005E882C /* ZQInspectionCell.m */,
				5EA0FEB41F8A1BFA005E882C /* ZQAlerInputView.h */,
				5EA0FEB51F8A1BFA005E882C /* ZQAlerInputView.m */,
				5EA0FEBB1F8A304A005E882C /* ZQAreaView.h */,
				5EA0FEBC1F8A304A005E882C /* ZQAreaView.m */,
			);
			path = Views;
			sourceTree = "<group>";
		};
		5EA0FEBE1F8A3394005E882C /* Models */ = {
			isa = PBXGroup;
			children = (
				5EA0FEC21F8A33CC005E882C /* ZQAreaModel.h */,
				5EA0FEC31F8A33CC005E882C /* ZQAreaModel.m */,
			);
			path = Models;
			sourceTree = "<group>";
		};
		5EA0FEC51F8A3A5A005E882C /* 加载提示 */ = {
			isa = PBXGroup;
			children = (
				5EA0FEC61F8A3A74005E882C /* ZQLoadingView.h */,
				5EA0FEC71F8A3A74005E882C /* ZQLoadingView.m */,
			);
			path = "加载提示";
			sourceTree = "<group>";
		};
		5EA0FECA1F8A60F8005E882C /* Models */ = {
			isa = PBXGroup;
			children = (
				5EA0FECB1F8A611F005E882C /* ZQPersonModel.h */,
				5EA0FECC1F8A611F005E882C /* ZQPersonModel.m */,
				5EA0FED81F8A6905005E882C /* UdStorage.h */,
				5EA0FED91F8A6905005E882C /* UdStorage.m */,
			);
			path = Models;
			sourceTree = "<group>";
		};
		5EA0FECE1F8A6211005E882C /* Views */ = {
			isa = PBXGroup;
			children = (
				5EA0FED01F8A6221005E882C /* YSPersonalHeadCell.h */,
				5EA0FECF1F8A6220005E882C /* YSPersonalHeadCell.m */,
				5EA0FED11F8A625B005E882C /* YPersonDetailHeadView.h */,
				5EA0FED21F8A625B005E882C /* YPersonDetailHeadView.m */,
				5EA0FED31F8A627A005E882C /* YPersonOrderCell.h */,
				5EA0FED41F8A627A005E882C /* YPersonOrderCell.m */,
				5EA0FED61F8A6298005E882C /* YPersonActionCell.h */,
				5EA0FED51F8A6298005E882C /* YPersonActionCell.m */,
			);
			path = Views;
			sourceTree = "<group>";
		};
		5EA0FEDE1F8B0A83005E882C /* Insurance(保险) */ = {
			isa = PBXGroup;
			children = (
				5EA0FEDF1F8B0A9B005E882C /* Views */,
			);
			path = "Insurance(保险)";
			sourceTree = "<group>";
		};
		5EA0FEDF1F8B0A9B005E882C /* Views */ = {
			isa = PBXGroup;
			children = (
				5EA0FEE01F8B0ABC005E882C /* ZQInsuranceView.h */,
				5EA0FEE11F8B0ABC005E882C /* ZQInsuranceView.m */,
				5EA0FEE31F8B2258005E882C /* ZQSuccessAlerView.h */,
				5EA0FEE41F8B2258005E882C /* ZQSuccessAlerView.m */,
			);
			path = Views;
			sourceTree = "<group>";
		};
		5EA0FEE61F8B2708005E882C /* Maintain(车辆维修) */ = {
			isa = PBXGroup;
			children = (
				5EA0FEE71F8B2761005E882C /* ZQMaintainViewController.h */,
				5EA0FEE81F8B2761005E882C /* ZQMaintainViewController.m */,
			);
			path = "Maintain(车辆维修)";
			sourceTree = "<group>";
		};
		5EA0FEED1F8B3E5F005E882C /* MyBooking(我的预约) */ = {
			isa = PBXGroup;
			children = (
				5EA0FEF11F8B3E8B005E882C /* Views */,
				5EA0FEEE1F8B3E83005E882C /* ZQMyBookingViewController.h */,
				5EA0FEEF1F8B3E83005E882C /* ZQMyBookingViewController.m */,
			);
			path = "MyBooking(我的预约)";
			sourceTree = "<group>";
		};
		5EA0FEF11F8B3E8B005E882C /* Views */ = {
			isa = PBXGroup;
			children = (
				5EA0FEF21F8B3EB9005E882C /* ZQMyBooingCell.h */,
				5EA0FEF31F8B3EB9005E882C /* ZQMyBooingCell.m */,
			);
			path = Views;
			sourceTree = "<group>";
		};
		F04ACD881F79E20B00F4C50D = {
			isa = PBXGroup;
			children = (
				5EA0FEBA1F8A2FD7005E882C /* YPAddress.plist */,
				F04ACD931F79E20B00F4C50D /* CarCheck */,
				F04ACD921F79E20B00F4C50D /* Products */,
				0A212E89E88AEFFD05F3D771 /* Pods */,
				09DC0D43BF6B2E1B1791FBA9 /* Frameworks */,
			);
			sourceTree = "<group>";
		};
		F04ACD921F79E20B00F4C50D /* Products */ = {
			isa = PBXGroup;
			children = (
				F04ACD911F79E20B00F4C50D /* CarCheck.app */,
			);
			name = Products;
			sourceTree = "<group>";
		};
		F04ACD931F79E20B00F4C50D /* CarCheck */ = {
			isa = PBXGroup;
			children = (
				F04ACDB41F7A351200F4C50D /* RequestTools */,
				F04ACDB31F7A34B700F4C50D /* Venders(第三方库) */,
				F04ACDAF1F7A33FE00F4C50D /* BaseViewControllers */,
				F04ACDB01F7A347F00F4C50D /* Utility */,
				F04ACDAB1F79E25800F4C50D /* Classes */,
				F04ACD941F79E20B00F4C50D /* AppDelegate.h */,
				F04ACD951F79E20B00F4C50D /* AppDelegate.m */,
				F04ACD971F79E20B00F4C50D /* ViewController.h */,
				F04ACD981F79E20B00F4C50D /* ViewController.m */,
				F04ACD9D1F79E20B00F4C50D /* Assets.xcassets */,
				F04ACDDE1F7A506700F4C50D /* Launch Screen.storyboard */,
				F04ACDA21F79E20B00F4C50D /* Info.plist */,
				F04ACDA31F79E20B00F4C50D /* main.m */,
				F04ACDD11F7A3E8300F4C50D /* PrefixHeader.pch */,
				F0C5ECB81F7B955D005F782D /* Resource */,
			);
			path = CarCheck;
			sourceTree = "<group>";
		};
		F04ACDAB1F79E25800F4C50D /* Classes */ = {
			isa = PBXGroup;
			children = (
				5EA0FEC51F8A3A5A005E882C /* 加载提示 */,
				F04ACDAE1F79E30400F4C50D /* My(我的) */,
				F04ACDAD1F79E2C800F4C50D /* Service(服务) */,
				F04ACDAC1F79E28100F4C50D /* Process(流程) */,
			);
			path = Classes;
			sourceTree = "<group>";
		};
		F04ACDAC1F79E28100F4C50D /* Process(流程) */ = {
			isa = PBXGroup;
			children = (
				F0F548151F8487C600E76ACF /* Violation(违章) */,
				F061A4FE1F7B43A20039C9EC /* Views */,
				F04ACDC81F7A3C9700F4C50D /* ZQCarProcessViewController.h */,
				F04ACDC91F7A3C9700F4C50D /* ZQCarProcessViewController.m */,
			);
			path = "Process(流程)";
			sourceTree = "<group>";
		};
		F04ACDAD1F79E2C800F4C50D /* Service(服务) */ = {
			isa = PBXGroup;
			children = (
				5EA0FEE61F8B2708005E882C /* Maintain(车辆维修) */,
				5EA0FEDE1F8B0A83005E882C /* Insurance(保险) */,
				5EA0FEA81F876701005E882C /* InspectionCarAgency(检车机构列表) */,
				F0F548201F849D8E00E76ACF /* subscribe(预约) */,
				F07F1D9F1F7A694500468EC2 /* Views */,
				F04ACDC51F7A3C7900F4C50D /* ZQCarServerViewController.h */,
				F04ACDC61F7A3C7900F4C50D /* ZQCarServerViewController.m */,
			);
			path = "Service(服务)";
			sourceTree = "<group>";
		};
		F04ACDAE1F79E30400F4C50D /* My(我的) */ = {
			isa = PBXGroup;
			children = (
				5EA0FEED1F8B3E5F005E882C /* MyBooking(我的预约) */,
				5EA0FECE1F8A6211005E882C /* Views */,
				5EA0FECA1F8A60F8005E882C /* Models */,
				F0F5482A1F8730AF00E76ACF /* LoginAndRegister */,
				F04ACDC21F7A3C3F00F4C50D /* ZQMyViewController.h */,
				F04ACDC31F7A3C3F00F4C50D /* ZQMyViewController.m */,
			);
			path = "My(我的)";
			sourceTree = "<group>";
		};
		F04ACDAF1F7A33FE00F4C50D /* BaseViewControllers */ = {
			isa = PBXGroup;
			children = (
				F04ACDDB1F7A470E00F4C50D /* YtabBarButton.h */,
				F04ACDDC1F7A470E00F4C50D /* YtabBarButton.m */,
				F04ACDBF1F7A391100F4C50D /* BaseTabBarViewController.h */,
				F04ACDC01F7A391100F4C50D /* BaseTabBarViewController.m */,
				F04ACDBC1F7A385500F4C50D /* BaseNavigationController.h */,
				F04ACDBD1F7A385500F4C50D /* BaseNavigationController.m */,
				F04ACDBE1F7A385600F4C50D /* BaseViewController.h */,
				F04ACDBB1F7A385500F4C50D /* BaseViewController.m */,
			);
			path = BaseViewControllers;
			sourceTree = "<group>";
		};
		F04ACDB01F7A347F00F4C50D /* Utility */ = {
			isa = PBXGroup;
			children = (
				F04ACDD01F7A3E2A00F4C50D /* Custom.h */,
				F04ACDB11F7A347F00F4C50D /* Utility.h */,
				F04ACDB21F7A347F00F4C50D /* Utility.m */,
			);
			path = Utility;
			sourceTree = "<group>";
		};
		F04ACDB31F7A34B700F4C50D /* Venders(第三方库) */ = {
			isa = PBXGroup;
			children = (
				F0F548211F87278400E76ACF /* ZQTViewController.h */,
				F0F548221F87278400E76ACF /* ZQTViewController.m */,
			);
			path = "Venders(第三方库)";
			sourceTree = "<group>";
		};
		F04ACDB41F7A351200F4C50D /* RequestTools */ = {
			isa = PBXGroup;
			children = (
				F04ACDD71F7A435A00F4C50D /* JKHttpClientTool.h */,
				F04ACDD31F7A435900F4C50D /* JKHttpClientTool.m */,
				F04ACDD21F7A435900F4C50D /* JKHttpRequestService.h */,
				F04ACDD41F7A435900F4C50D /* JKHttpRequestService.m */,
				F04ACDD61F7A435A00F4C50D /* JKNetManager.h */,
				F04ACDD51F7A435900F4C50D /* JKNetManager.m */,
				F04ACDB91F7A351200F4C50D /* RestAPI.h */,
			);
			path = RequestTools;
			sourceTree = "<group>";
		};
		F061A4FE1F7B43A20039C9EC /* Views */ = {
			isa = PBXGroup;
			children = (
				F061A4FF1F7B49B80039C9EC /* ZQProcessCell.h */,
				F061A5001F7B49B80039C9EC /* ZQProcessCell.m */,
				F0C5ECB51F7B6024005F782D /* ZQProcessRightCell.h */,
				F0C5ECB61F7B6024005F782D /* ZQProcessRightCell.m */,
			);
			path = Views;
			sourceTree = "<group>";
		};
		F07F1D9F1F7A694500468EC2 /* Views */ = {
			isa = PBXGroup;
			children = (
				F07F1DA01F7A694500468EC2 /* ZQHeaderViewScoll.h */,
				F07F1DA11F7A694500468EC2 /* ZQHeaderViewScoll.m */,
				F07F1DA91F7A72DF00468EC2 /* ZQAppointmentHeaderView.h */,
				F07F1DAA1F7A72DF00468EC2 /* ZQAppointmentHeaderView.m */,
				F07F1DA21F7A694500468EC2 /* ZQScrollPageView.h */,
				F07F1DA31F7A694500468EC2 /* ZQScrollPageView.m */,
				F07F1DA61F7A69A600468EC2 /* ZQServerViewCell.h */,
				F07F1DA71F7A69A600468EC2 /* ZQServerViewCell.m */,
			);
			name = Views;
			path = "CarCheck/Classes/Service(服务)/Views";
			sourceTree = SOURCE_ROOT;
		};
		F0C5ECB81F7B955D005F782D /* Resource */ = {
			isa = PBXGroup;
			children = (
				F0F548271F8727D200E76ACF /* ZQzqViewController.h */,
				F0F548281F8727D200E76ACF /* ZQzqViewController.m */,
			);
			path = Resource;
			sourceTree = "<group>";
		};
		F0F47F741F8B127B00DF54AC /* FindPwd(找回密码) */ = {
			isa = PBXGroup;
			children = (
				F0F47F751F8B12C200DF54AC /* YFoundPasswordViewController.h */,
				F0F47F761F8B12C200DF54AC /* YFoundPasswordViewController.m */,
				F0F47F771F8B16B600DF54AC /* ResetPwd(重置密码) */,
			);
			path = "FindPwd(找回密码)";
			sourceTree = "<group>";
		};
		F0F47F771F8B16B600DF54AC /* ResetPwd(重置密码) */ = {
			isa = PBXGroup;
			children = (
				F0F47F791F8B16D900DF54AC /* YResetPassViewController.h */,
				F0F47F781F8B16D900DF54AC /* YResetPassViewController.m */,
			);
			path = "ResetPwd(重置密码)";
			sourceTree = "<group>";
		};
		F0F548151F8487C600E76ACF /* Violation(违章) */ = {
			isa = PBXGroup;
			children = (
				F0F548161F8488D400E76ACF /* ZQViolationViewController.h */,
				F0F548171F8488D400E76ACF /* ZQViolationViewController.m */,
				F0F548181F8488D400E76ACF /* ZQViolationViewController.xib */,
				F0F5481B1F8497A800E76ACF /* ZQPayVioViewController.h */,
				F0F5481C1F8497A800E76ACF /* ZQPayVioViewController.m */,
				F0F5481D1F8497A800E76ACF /* ZQPayVioViewController.xib */,
			);
			path = "Violation(违章)";
			sourceTree = "<group>";
		};
		F0F548201F849D8E00E76ACF /* subscribe(预约) */ = {
			isa = PBXGroup;
			children = (
				F0F548341F8735BD00E76ACF /* Views */,
				F0F5482E1F87314F00E76ACF /* ZQSubTimeViewController.h */,
				F0F5482F1F87314F00E76ACF /* ZQSubTimeViewController.m */,
				F0F5483F1F8749B500E76ACF /* ZQSubTimeViewController.xib */,
				F0F548411F87515C00E76ACF /* ZQOnlineSubViewController.h */,
				F0F548421F87515C00E76ACF /* ZQOnlineSubViewController.m */,
				F0F548431F87515C00E76ACF /* ZQOnlineSubViewController.xib */,
				5EA0FEB01F8A0AB5005E882C /* ZQHtmlViewController.h */,
				5EA0FEB11F8A0AB5005E882C /* ZQHtmlViewController.m */,
			);
			path = "subscribe(预约)";
			sourceTree = "<group>";
		};
		F0F5482A1F8730AF00E76ACF /* LoginAndRegister */ = {
			isa = PBXGroup;
			children = (
				F0F5482B1F8730E700E76ACF /* ZQLoginViewController.h */,
				F0F5482C1F8730E700E76ACF /* ZQLoginViewController.m */,
				F0F47F741F8B127B00DF54AC /* FindPwd(找回密码) */,
				F0F47F721F8B11FC00DF54AC /* YshareChooseView.h */,
				F0F47F711F8B11FC00DF54AC /* YshareChooseView.m */,
			);
			path = LoginAndRegister;
			sourceTree = "<group>";
		};
		F0F548341F8735BD00E76ACF /* Views */ = {
			isa = PBXGroup;
			children = (
				F0F548351F8735E800E76ACF /* ZQCollectionViewCell.h */,
				F0F548361F8735E800E76ACF /* ZQCollectionViewCell.m */,
				F0F548371F8735E800E76ACF /* ZQCollectionViewCell.xib */,
				F0F5483A1F87445E00E76ACF /* ZQTimeCollectionViewCell.h */,
				F0F5483B1F87445E00E76ACF /* ZQTimeCollectionViewCell.m */,
				F0F5483C1F87445E00E76ACF /* ZQTimeCollectionViewCell.xib */,
				5EA0FEEA1F8B395B005E882C /* ZQOnlineAlertView.h */,
				5EA0FEEB1F8B395B005E882C /* ZQOnlineAlertView.m */,
			);
			path = Views;
			sourceTree = "<group>";
		};
/* End PBXGroup section */

/* Begin PBXNativeTarget section */
		F04ACD901F79E20B00F4C50D /* CarCheck */ = {
			isa = PBXNativeTarget;
			buildConfigurationList = F04ACDA71F79E20B00F4C50D /* Build configuration list for PBXNativeTarget "CarCheck" */;
			buildPhases = (
				3E1A3B163BAEE90A91F03F78 /* [CP] Check Pods Manifest.lock */,
				F04ACD8D1F79E20B00F4C50D /* Sources */,
				F04ACD8E1F79E20B00F4C50D /* Frameworks */,
				F04ACD8F1F79E20B00F4C50D /* Resources */,
				38B0851047AA347772EFAA4F /* [CP] Embed Pods Frameworks */,
				D80903C038F6B8EF61C88C3E /* [CP] Copy Pods Resources */,
			);
			buildRules = (
			);
			dependencies = (
			);
			name = CarCheck;
			productName = CarCheck;
			productReference = F04ACD911F79E20B00F4C50D /* CarCheck.app */;
			productType = "com.apple.product-type.application";
		};
/* End PBXNativeTarget section */

/* Begin PBXProject section */
		F04ACD891F79E20B00F4C50D /* Project object */ = {
			isa = PBXProject;
			attributes = {
				CLASSPREFIX = ZQ;
				LastUpgradeCheck = 0900;
				ORGANIZATIONNAME = zhangqiang;
				TargetAttributes = {
					F04ACD901F79E20B00F4C50D = {
						CreatedOnToolsVersion = 9.0;
						ProvisioningStyle = Automatic;
					};
				};
			};
			buildConfigurationList = F04ACD8C1F79E20B00F4C50D /* Build configuration list for PBXProject "CarCheck" */;
			compatibilityVersion = "Xcode 8.0";
			developmentRegion = en;
			hasScannedForEncodings = 0;
			knownRegions = (
				en,
				Base,
			);
			mainGroup = F04ACD881F79E20B00F4C50D;
			productRefGroup = F04ACD921F79E20B00F4C50D /* Products */;
			projectDirPath = "";
			projectRoot = "";
			targets = (
				F04ACD901F79E20B00F4C50D /* CarCheck */,
			);
		};
/* End PBXProject section */

/* Begin PBXResourcesBuildPhase section */
		F04ACD8F1F79E20B00F4C50D /* Resources */ = {
			isa = PBXResourcesBuildPhase;
			buildActionMask = 2147483647;
			files = (
				5EA0FEC91F8A3FBB005E882C /* YPAddress.plist in Resources */,
				F0F5481A1F8488D400E76ACF /* ZQViolationViewController.xib in Resources */,
				F0F5481F1F8497A800E76ACF /* ZQPayVioViewController.xib in Resources */,
				F0F5483E1F87445E00E76ACF /* ZQTimeCollectionViewCell.xib in Resources */,
				F0F548391F8735E800E76ACF /* ZQCollectionViewCell.xib in Resources */,
				F04ACDDF1F7A506700F4C50D /* Launch Screen.storyboard in Resources */,
				F0F548401F8749B500E76ACF /* ZQSubTimeViewController.xib in Resources */,
				F04ACD9E1F79E20B00F4C50D /* Assets.xcassets in Resources */,
				F0F548451F87515C00E76ACF /* ZQOnlineSubViewController.xib in Resources */,
			);
			runOnlyForDeploymentPostprocessing = 0;
		};
/* End PBXResourcesBuildPhase section */

/* Begin PBXShellScriptBuildPhase section */
		38B0851047AA347772EFAA4F /* [CP] Embed Pods Frameworks */ = {
			isa = PBXShellScriptBuildPhase;
			buildActionMask = 2147483647;
			files = (
			);
			inputPaths = (
			);
			name = "[CP] Embed Pods Frameworks";
			outputPaths = (
			);
			runOnlyForDeploymentPostprocessing = 0;
			shellPath = /bin/sh;
			shellScript = "\"${SRCROOT}/Pods/Target Support Files/Pods-CarCheck/Pods-CarCheck-frameworks.sh\"\n";
			showEnvVarsInLog = 0;
		};
		3E1A3B163BAEE90A91F03F78 /* [CP] Check Pods Manifest.lock */ = {
			isa = PBXShellScriptBuildPhase;
			buildActionMask = 2147483647;
			files = (
			);
			inputPaths = (
				"${PODS_PODFILE_DIR_PATH}/Podfile.lock",
				"${PODS_ROOT}/Manifest.lock",
			);
			name = "[CP] Check Pods Manifest.lock";
			outputPaths = (
				"$(DERIVED_FILE_DIR)/Pods-CarCheck-checkManifestLockResult.txt",
			);
			runOnlyForDeploymentPostprocessing = 0;
			shellPath = /bin/sh;
			shellScript = "diff \"${PODS_PODFILE_DIR_PATH}/Podfile.lock\" \"${PODS_ROOT}/Manifest.lock\" > /dev/null\nif [ $? != 0 ] ; then\n    # print error to STDERR\n    echo \"error: The sandbox is not in sync with the Podfile.lock. Run 'pod install' or update your CocoaPods installation.\" >&2\n    exit 1\nfi\n# This output is used by Xcode 'outputs' to avoid re-running this script phase.\necho \"SUCCESS\" > \"${SCRIPT_OUTPUT_FILE_0}\"\n";
			showEnvVarsInLog = 0;
		};
		D80903C038F6B8EF61C88C3E /* [CP] Copy Pods Resources */ = {
			isa = PBXShellScriptBuildPhase;
			buildActionMask = 2147483647;
			files = (
			);
			inputPaths = (
				"${SRCROOT}/Pods/Target Support Files/Pods-CarCheck/Pods-CarCheck-resources.sh",
				"${PODS_ROOT}/MJRefresh/MJRefresh/MJRefresh.bundle",
			);
			name = "[CP] Copy Pods Resources";
			outputPaths = (
				"${TARGET_BUILD_DIR}/${UNLOCALIZED_RESOURCES_FOLDER_PATH}",
			);
			runOnlyForDeploymentPostprocessing = 0;
			shellPath = /bin/sh;
			shellScript = "\"${SRCROOT}/Pods/Target Support Files/Pods-CarCheck/Pods-CarCheck-resources.sh\"\n";
			showEnvVarsInLog = 0;
		};
/* End PBXShellScriptBuildPhase section */

/* Begin PBXSourcesBuildPhase section */
		F04ACD8D1F79E20B00F4C50D /* Sources */ = {
			isa = PBXSourcesBuildPhase;
			buildActionMask = 2147483647;
			files = (
				5EA0FEEC1F8B395B005E882C /* ZQOnlineAlertView.m in Sources */,
				5EA0FEF41F8B3EB9005E882C /* ZQMyBooingCell.m in Sources */,
				5EA0FEE91F8B2761005E882C /* ZQMaintainViewController.m in Sources */,
				5EA0FEDD1F8A6995005E882C /* YPersonOrderCell.m in Sources */,
				5EA0FEDC1F8A6986005E882C /* YPersonActionCell.m in Sources */,
				5EA0FEDB1F8A6979005E882C /* YPersonDetailHeadView.m in Sources */,
				5EA0FED71F8A67FE005E882C /* YSPersonalHeadCell.m in Sources */,
				F07F1DA51F7A696600468EC2 /* ZQScrollPageView.m in Sources */,
				F07F1DA41F7A695F00468EC2 /* ZQHeaderViewScoll.m in Sources */,
				5EA0FEBD1F8A304A005E882C /* ZQAreaView.m in Sources */,
				F061A5011F7B49B80039C9EC /* ZQProcessCell.m in Sources */,
				5EA0FEE21F8B0ABC005E882C /* ZQInsuranceView.m in Sources */,
				F07F1DA81F7A69A600468EC2 /* ZQServerViewCell.m in Sources */,
				F0F548191F8488D400E76ACF /* ZQViolationViewController.m in Sources */,
				F0F5481E1F8497A800E76ACF /* ZQPayVioViewController.m in Sources */,
				F04ACDDA1F7A44A900F4C50D /* JKNetManager.m in Sources */,
				F04ACDD91F7A44A400F4C50D /* JKHttpRequestService.m in Sources */,
				5EA0FEAC1F87677E005E882C /* ZQInspectionListController.m in Sources */,
				F0F548231F87278400E76ACF /* ZQTViewController.m in Sources */,
				5EA0FEE51F8B2258005E882C /* ZQSuccessAlerView.m in Sources */,
				F04ACDD81F7A44A000F4C50D /* JKHttpClientTool.m in Sources */,
				F0C5ECB71F7B6024005F782D /* ZQProcessRightCell.m in Sources */,
				F07F1DAB1F7A72DF00468EC2 /* ZQAppointmentHeaderView.m in Sources */,
				F0F548291F8727D200E76ACF /* ZQzqViewController.m in Sources */,
				5EA0FEC41F8A33CC005E882C /* ZQAreaModel.m in Sources */,
				F0F5482D1F8730E700E76ACF /* ZQLoginViewController.m in Sources */,
				F0F548441F87515C00E76ACF /* ZQOnlineSubViewController.m in Sources */,
				5EA0FEB21F8A0AB5005E882C /* ZQHtmlViewController.m in Sources */,
				F04ACDCF1F7A3D3000F4C50D /* Utility.m in Sources */,
				F04ACDCE1F7A3D2A00F4C50D /* BaseViewController.m in Sources */,
				5EA0FEB61F8A1BFA005E882C /* ZQAlerInputView.m in Sources */,
				F04ACDDD1F7A470F00F4C50D /* YtabBarButton.m in Sources */,
				5EA0FECD1F8A611F005E882C /* ZQPersonModel.m in Sources */,
				F04ACDCD1F7A3D2300F4C50D /* BaseNavigationController.m in Sources */,
				F04ACD991F79E20B00F4C50D /* ViewController.m in Sources */,
				F0F548381F8735E800E76ACF /* ZQCollectionViewCell.m in Sources */,
				5EA0FEC81F8A3A74005E882C /* ZQLoadingView.m in Sources */,
				F04ACDA41F79E20B00F4C50D /* main.m in Sources */,
				F04ACDCA1F7A3C9700F4C50D /* ZQCarProcessViewController.m in Sources */,
				F0F548311F87314F00E76ACF /* ZQSubTimeViewController.m in Sources */,
				5EA0FEDA1F8A6905005E882C /* UdStorage.m in Sources */,
				F04ACDC41F7A3C3F00F4C50D /* ZQMyViewController.m in Sources */,
				F04ACD961F79E20B00F4C50D /* AppDelegate.m in Sources */,
				F04ACDC11F7A391100F4C50D /* BaseTabBarViewController.m in Sources */,
				5EA0FEAF1F876FE1005E882C /* ZQInspectionCell.m in Sources */,
				F0F5483D1F87445E00E76ACF /* ZQTimeCollectionViewCell.m in Sources */,
				F04ACDC71F7A3C7900F4C50D /* ZQCarServerViewController.m in Sources */,
				F0F47F731F8B11FC00DF54AC /* YshareChooseView.m in Sources */,
				5EA0FEF01F8B3E83005E882C /* ZQMyBookingViewController.m in Sources */,
			);
			runOnlyForDeploymentPostprocessing = 0;
		};
/* End PBXSourcesBuildPhase section */

/* Begin XCBuildConfiguration section */
		F04ACDA51F79E20B00F4C50D /* Debug */ = {
			isa = XCBuildConfiguration;
			buildSettings = {
				ALWAYS_SEARCH_USER_PATHS = NO;
				CLANG_ANALYZER_NONNULL = YES;
				CLANG_ANALYZER_NUMBER_OBJECT_CONVERSION = YES_AGGRESSIVE;
				CLANG_CXX_LANGUAGE_STANDARD = "gnu++14";
				CLANG_CXX_LIBRARY = "libc++";
				CLANG_ENABLE_MODULES = YES;
				CLANG_ENABLE_OBJC_ARC = YES;
				CLANG_WARN_BLOCK_CAPTURE_AUTORELEASING = YES;
				CLANG_WARN_BOOL_CONVERSION = YES;
				CLANG_WARN_COMMA = YES;
				CLANG_WARN_CONSTANT_CONVERSION = YES;
				CLANG_WARN_DIRECT_OBJC_ISA_USAGE = YES_ERROR;
				CLANG_WARN_DOCUMENTATION_COMMENTS = YES;
				CLANG_WARN_EMPTY_BODY = YES;
				CLANG_WARN_ENUM_CONVERSION = YES;
				CLANG_WARN_INFINITE_RECURSION = YES;
				CLANG_WARN_INT_CONVERSION = YES;
				CLANG_WARN_NON_LITERAL_NULL_CONVERSION = YES;
				CLANG_WARN_OBJC_LITERAL_CONVERSION = YES;
				CLANG_WARN_OBJC_ROOT_CLASS = YES_ERROR;
				CLANG_WARN_RANGE_LOOP_ANALYSIS = YES;
				CLANG_WARN_STRICT_PROTOTYPES = YES;
				CLANG_WARN_SUSPICIOUS_MOVE = YES;
				CLANG_WARN_UNGUARDED_AVAILABILITY = YES_AGGRESSIVE;
				CLANG_WARN_UNREACHABLE_CODE = YES;
				CLANG_WARN__DUPLICATE_METHOD_MATCH = YES;
				CODE_SIGN_IDENTITY = "iPhone Developer";
				COPY_PHASE_STRIP = NO;
				DEBUG_INFORMATION_FORMAT = dwarf;
				ENABLE_STRICT_OBJC_MSGSEND = YES;
				ENABLE_TESTABILITY = YES;
				GCC_C_LANGUAGE_STANDARD = gnu11;
				GCC_DYNAMIC_NO_PIC = NO;
				GCC_NO_COMMON_BLOCKS = YES;
				GCC_OPTIMIZATION_LEVEL = 0;
				GCC_PREPROCESSOR_DEFINITIONS = (
					"DEBUG=1",
					"$(inherited)",
				);
				GCC_WARN_64_TO_32_BIT_CONVERSION = YES;
				GCC_WARN_ABOUT_RETURN_TYPE = YES_ERROR;
				GCC_WARN_UNDECLARED_SELECTOR = YES;
				GCC_WARN_UNINITIALIZED_AUTOS = YES_AGGRESSIVE;
				GCC_WARN_UNUSED_FUNCTION = YES;
				GCC_WARN_UNUSED_VARIABLE = YES;
				IPHONEOS_DEPLOYMENT_TARGET = 11.0;
				MTL_ENABLE_DEBUG_INFO = YES;
				ONLY_ACTIVE_ARCH = YES;
				SDKROOT = iphoneos;
			};
			name = Debug;
		};
		F04ACDA61F79E20B00F4C50D /* Release */ = {
			isa = XCBuildConfiguration;
			buildSettings = {
				ALWAYS_SEARCH_USER_PATHS = NO;
				CLANG_ANALYZER_NONNULL = YES;
				CLANG_ANALYZER_NUMBER_OBJECT_CONVERSION = YES_AGGRESSIVE;
				CLANG_CXX_LANGUAGE_STANDARD = "gnu++14";
				CLANG_CXX_LIBRARY = "libc++";
				CLANG_ENABLE_MODULES = YES;
				CLANG_ENABLE_OBJC_ARC = YES;
				CLANG_WARN_BLOCK_CAPTURE_AUTORELEASING = YES;
				CLANG_WARN_BOOL_CONVERSION = YES;
				CLANG_WARN_COMMA = YES;
				CLANG_WARN_CONSTANT_CONVERSION = YES;
				CLANG_WARN_DIRECT_OBJC_ISA_USAGE = YES_ERROR;
				CLANG_WARN_DOCUMENTATION_COMMENTS = YES;
				CLANG_WARN_EMPTY_BODY = YES;
				CLANG_WARN_ENUM_CONVERSION = YES;
				CLANG_WARN_INFINITE_RECURSION = YES;
				CLANG_WARN_INT_CONVERSION = YES;
				CLANG_WARN_NON_LITERAL_NULL_CONVERSION = YES;
				CLANG_WARN_OBJC_LITERAL_CONVERSION = YES;
				CLANG_WARN_OBJC_ROOT_CLASS = YES_ERROR;
				CLANG_WARN_RANGE_LOOP_ANALYSIS = YES;
				CLANG_WARN_STRICT_PROTOTYPES = YES;
				CLANG_WARN_SUSPICIOUS_MOVE = YES;
				CLANG_WARN_UNGUARDED_AVAILABILITY = YES_AGGRESSIVE;
				CLANG_WARN_UNREACHABLE_CODE = YES;
				CLANG_WARN__DUPLICATE_METHOD_MATCH = YES;
				CODE_SIGN_IDENTITY = "iPhone Developer";
				COPY_PHASE_STRIP = NO;
				DEBUG_INFORMATION_FORMAT = "dwarf-with-dsym";
				ENABLE_NS_ASSERTIONS = NO;
				ENABLE_STRICT_OBJC_MSGSEND = YES;
				GCC_C_LANGUAGE_STANDARD = gnu11;
				GCC_NO_COMMON_BLOCKS = YES;
				GCC_WARN_64_TO_32_BIT_CONVERSION = YES;
				GCC_WARN_ABOUT_RETURN_TYPE = YES_ERROR;
				GCC_WARN_UNDECLARED_SELECTOR = YES;
				GCC_WARN_UNINITIALIZED_AUTOS = YES_AGGRESSIVE;
				GCC_WARN_UNUSED_FUNCTION = YES;
				GCC_WARN_UNUSED_VARIABLE = YES;
				IPHONEOS_DEPLOYMENT_TARGET = 11.0;
				MTL_ENABLE_DEBUG_INFO = NO;
				SDKROOT = iphoneos;
				VALIDATE_PRODUCT = YES;
			};
			name = Release;
		};
		F04ACDA81F79E20B00F4C50D /* Debug */ = {
			isa = XCBuildConfiguration;
			baseConfigurationReference = 7B189598E8A45B95CB2B308C /* Pods-CarCheck.debug.xcconfig */;
			buildSettings = {
				ASSETCATALOG_COMPILER_APPICON_NAME = AppIcon;
				CODE_SIGN_STYLE = Automatic;
				DEVELOPMENT_TEAM = WSKT7LS6EE;
				GCC_PRECOMPILE_PREFIX_HEADER = NO;
				GCC_PREFIX_HEADER = "$(SRCROOT)/$(PROJECT_NAME)/PrefixHeader.pch";
				INFOPLIST_FILE = CarCheck/Info.plist;
				IPHONEOS_DEPLOYMENT_TARGET = 9.0;
				LD_RUNPATH_SEARCH_PATHS = "$(inherited) @executable_path/Frameworks";
				PRODUCT_BUNDLE_IDENTIFIER = com.JinYeFeiLin.CarCheck;
				PRODUCT_NAME = "$(TARGET_NAME)";
				TARGETED_DEVICE_FAMILY = "1,2";
			};
			name = Debug;
		};
		F04ACDA91F79E20B00F4C50D /* Release */ = {
			isa = XCBuildConfiguration;
			baseConfigurationReference = E1F62C1DA93C2085C8AA7824 /* Pods-CarCheck.release.xcconfig */;
			buildSettings = {
				ASSETCATALOG_COMPILER_APPICON_NAME = AppIcon;
				CODE_SIGN_STYLE = Automatic;
				DEVELOPMENT_TEAM = WSKT7LS6EE;
				GCC_PRECOMPILE_PREFIX_HEADER = NO;
				GCC_PREFIX_HEADER = "$(SRCROOT)/$(PROJECT_NAME)/PrefixHeader.pch";
				INFOPLIST_FILE = CarCheck/Info.plist;
				IPHONEOS_DEPLOYMENT_TARGET = 9.0;
				LD_RUNPATH_SEARCH_PATHS = "$(inherited) @executable_path/Frameworks";
				PRODUCT_BUNDLE_IDENTIFIER = com.JinYeFeiLin.CarCheck;
				PRODUCT_NAME = "$(TARGET_NAME)";
				TARGETED_DEVICE_FAMILY = "1,2";
			};
			name = Release;
		};
/* End XCBuildConfiguration section */

/* Begin XCConfigurationList section */
		F04ACD8C1F79E20B00F4C50D /* Build configuration list for PBXProject "CarCheck" */ = {
			isa = XCConfigurationList;
			buildConfigurations = (
				F04ACDA51F79E20B00F4C50D /* Debug */,
				F04ACDA61F79E20B00F4C50D /* Release */,
			);
			defaultConfigurationIsVisible = 0;
			defaultConfigurationName = Release;
		};
		F04ACDA71F79E20B00F4C50D /* Build configuration list for PBXNativeTarget "CarCheck" */ = {
			isa = XCConfigurationList;
			buildConfigurations = (
				F04ACDA81F79E20B00F4C50D /* Debug */,
				F04ACDA91F79E20B00F4C50D /* Release */,
			);
			defaultConfigurationIsVisible = 0;
			defaultConfigurationName = Release;
		};
/* End XCConfigurationList section */
	};
	rootObject = F04ACD891F79E20B00F4C50D /* Project object */;
}
